
Microsoft Visual Studio Solution File, Format Version 12.00
# Visual Studio Version 16
VisualStudioVersion = 16.0.32929.386
MinimumVisualStudioVersion = 10.0.40219.1
Project("{FAE04EC0-301F-11D3-BF4B-00C04F79EFBC}") = "Petrus simple calculator", "Petrus simple calculator.csproj", "{9FFF2A1F-9985-4D41-ADC6-B5BA12A76833}"
EndProject
Global
	GlobalSection(SolutionConfigurationPlatforms) = preSolution
		Debug|Any CPU = Debug|Any CPU
		Release|Any CPU = Release|Any CPU
	EndGlobalSection
	GlobalSection(ProjectConfigurationPlatforms) = postSolution
		{9FFF2A1F-9985-4D41-ADC6-B5BA12A76833}.Debug|Any CPU.ActiveCfg = Debug|Any CPU
		{9FFF2A1F-9985-4D41-ADC6-B5BA12A76833}.Debug|Any CPU.Build.0 = Debug|Any CPU
		{9FFF2A1F-9985-4D41-ADC6-B5BA12A76833}.Release|Any CPU.ActiveCfg = Release|Any CPU
		{9FFF2A1F-9985-4D41-ADC6-B5BA12A76833}.Release|Any CPU.Build.0 = Release|Any CPU
	EndGlobalSection
	GlobalSection(SolutionProperties) = preSolution
		HideSolutionNode = FALSE
	EndGlobalSection
	GlobalSection(ExtensibilityGlobals) = postSolution
		SolutionGuid = {312D7B28-938F-4A25-A613-4271C5098F43}
	EndGlobalSection
EndGlobal
